PODS:
  - FlutterMacOS (1.0.0)
  - open_file_macos (0.0.1):
    - FlutterMacOS

DEPENDENCIES:
  - FlutterMacOS (from `Flutter/ephemeral`)
  - open_file_macos (from `Flutter/ephemeral/.symlinks/plugins/open_file_macos/macos`)

EXTERNAL SOURCES:
  FlutterMacOS:
    :path: Flutter/ephemeral
  open_file_macos:
    :path: Flutter/ephemeral/.symlinks/plugins/open_file_macos/macos

SPEC CHECKSUMS:
  FlutterMacOS: 8f6f14fa908a6fb3fba0cd85dbd81ec4b251fb24
  open_file_macos: 8056d4a22d54c06c1b178435d20c80db3528beee

PODFILE CHECKSUM: 7eb978b976557c8c1cd717d8185ec483fd090a82

COCOAPODS: 1.16.2
